
Microsoft Visual Studio Solution File, Format Version 12.00
# Visual Studio Version 17
VisualStudioVersion = 17.3.32825.248
MinimumVisualStudioVersion = 10.0.40219.1
Project("{FAE04EC0-301F-11D3-BF4B-00C04F79EFBC}") = "SegundoOOinterface", "SegundoOOinterface.csproj", "{3F8B4F9C-EAB1-47C9-BE07-163D9820B93D}"
EndProject
Global
	GlobalSection(SolutionConfigurationPlatforms) = preSolution
		Debug|Any CPU = Debug|Any CPU
		Release|Any CPU = Release|Any CPU
	EndGlobalSection
	GlobalSection(ProjectConfigurationPlatforms) = postSolution
		{3F8B4F9C-EAB1-47C9-BE07-163D9820B93D}.Debug|Any CPU.ActiveCfg = Debug|Any CPU
		{3F8B4F9C-EAB1-47C9-BE07-163D9820B93D}.Debug|Any CPU.Build.0 = Debug|Any CPU
		{3F8B4F9C-EAB1-47C9-BE07-163D9820B93D}.Release|Any CPU.ActiveCfg = Release|Any CPU
		{3F8B4F9C-EAB1-47C9-BE07-163D9820B93D}.Release|Any CPU.Build.0 = Release|Any CPU
	EndGlobalSection
	GlobalSection(SolutionProperties) = preSolution
		HideSolutionNode = FALSE
	EndGlobalSection
	GlobalSection(ExtensibilityGlobals) = postSolution
		SolutionGuid = {A96A0963-0C6F-4AA2-9713-D5CB3A832E39}
	EndGlobalSection
EndGlobal
