
Microsoft Visual Studio Solution File, Format Version 12.00
# Visual Studio Version 17
VisualStudioVersion = 17.3.32825.248
MinimumVisualStudioVersion = 10.0.40219.1
Project("{FAE04EC0-301F-11D3-BF4B-00C04F79EFBC}") = "AcademiaExercicios1", "AcademiaExercicios1\AcademiaExercicios1.csproj", "{57878555-85FE-4FA8-95FC-7B71C5ACE8FB}"
EndProject
Global
	GlobalSection(SolutionConfigurationPlatforms) = preSolution
		Debug|Any CPU = Debug|Any CPU
		Release|Any CPU = Release|Any CPU
	EndGlobalSection
	GlobalSection(ProjectConfigurationPlatforms) = postSolution
		{57878555-85FE-4FA8-95FC-7B71C5ACE8FB}.Debug|Any CPU.ActiveCfg = Debug|Any CPU
		{57878555-85FE-4FA8-95FC-7B71C5ACE8FB}.Debug|Any CPU.Build.0 = Debug|Any CPU
		{57878555-85FE-4FA8-95FC-7B71C5ACE8FB}.Release|Any CPU.ActiveCfg = Release|Any CPU
		{57878555-85FE-4FA8-95FC-7B71C5ACE8FB}.Release|Any CPU.Build.0 = Release|Any CPU
	EndGlobalSection
	GlobalSection(SolutionProperties) = preSolution
		HideSolutionNode = FALSE
	EndGlobalSection
	GlobalSection(ExtensibilityGlobals) = postSolution
		SolutionGuid = {C2232885-34B5-4D83-8277-F501A60871AE}
	EndGlobalSection
EndGlobal
