
Microsoft Visual Studio Solution File, Format Version 12.00
# Visual Studio Version 17
VisualStudioVersion = 17.3.32825.248
MinimumVisualStudioVersion = 10.0.40219.1
Project("{FAE04EC0-301F-11D3-BF4B-00C04F79EFBC}") = "AcademiaExerciciosmatriz5", "AcademiaExerciciosmatriz5.csproj", "{ED91F476-31B2-4B41-B26A-BD7CF64C5FDB}"
EndProject
Global
	GlobalSection(SolutionConfigurationPlatforms) = preSolution
		Debug|Any CPU = Debug|Any CPU
		Release|Any CPU = Release|Any CPU
	EndGlobalSection
	GlobalSection(ProjectConfigurationPlatforms) = postSolution
		{ED91F476-31B2-4B41-B26A-BD7CF64C5FDB}.Debug|Any CPU.ActiveCfg = Debug|Any CPU
		{ED91F476-31B2-4B41-B26A-BD7CF64C5FDB}.Debug|Any CPU.Build.0 = Debug|Any CPU
		{ED91F476-31B2-4B41-B26A-BD7CF64C5FDB}.Release|Any CPU.ActiveCfg = Release|Any CPU
		{ED91F476-31B2-4B41-B26A-BD7CF64C5FDB}.Release|Any CPU.Build.0 = Release|Any CPU
	EndGlobalSection
	GlobalSection(SolutionProperties) = preSolution
		HideSolutionNode = FALSE
	EndGlobalSection
	GlobalSection(ExtensibilityGlobals) = postSolution
		SolutionGuid = {C92CD6D0-FBB8-4540-8AC8-FDF4E83B6E5C}
	EndGlobalSection
EndGlobal
