
Microsoft Visual Studio Solution File, Format Version 12.00
# Visual Studio Version 17
VisualStudioVersion = 17.3.32825.248
MinimumVisualStudioVersion = 10.0.40219.1
Project("{FAE04EC0-301F-11D3-BF4B-00C04F79EFBC}") = "Anotacoes Alexandre zamberlan", "Anotacoes Alexandre zamberlan.csproj", "{FAE67D5A-62B5-42AD-B27E-6975FD26E870}"
EndProject
Global
	GlobalSection(SolutionConfigurationPlatforms) = preSolution
		Debug|Any CPU = Debug|Any CPU
		Release|Any CPU = Release|Any CPU
	EndGlobalSection
	GlobalSection(ProjectConfigurationPlatforms) = postSolution
		{FAE67D5A-62B5-42AD-B27E-6975FD26E870}.Debug|Any CPU.ActiveCfg = Debug|Any CPU
		{FAE67D5A-62B5-42AD-B27E-6975FD26E870}.Debug|Any CPU.Build.0 = Debug|Any CPU
		{FAE67D5A-62B5-42AD-B27E-6975FD26E870}.Release|Any CPU.ActiveCfg = Release|Any CPU
		{FAE67D5A-62B5-42AD-B27E-6975FD26E870}.Release|Any CPU.Build.0 = Release|Any CPU
	EndGlobalSection
	GlobalSection(SolutionProperties) = preSolution
		HideSolutionNode = FALSE
	EndGlobalSection
	GlobalSection(ExtensibilityGlobals) = postSolution
		SolutionGuid = {E8A27F9E-70C4-4471-9BF9-2C50968EF598}
	EndGlobalSection
EndGlobal
