
Microsoft Visual Studio Solution File, Format Version 12.00
# Visual Studio Version 17
VisualStudioVersion = 17.3.32825.248
MinimumVisualStudioVersion = 10.0.40219.1
Project("{FAE04EC0-301F-11D3-BF4B-00C04F79EFBC}") = "ExerciciosDicionary", "ExerciciosDicionary.csproj", "{193FA1EE-23B6-4FB2-B1D4-849624EA8241}"
EndProject
Global
	GlobalSection(SolutionConfigurationPlatforms) = preSolution
		Debug|Any CPU = Debug|Any CPU
		Release|Any CPU = Release|Any CPU
	EndGlobalSection
	GlobalSection(ProjectConfigurationPlatforms) = postSolution
		{193FA1EE-23B6-4FB2-B1D4-849624EA8241}.Debug|Any CPU.ActiveCfg = Debug|Any CPU
		{193FA1EE-23B6-4FB2-B1D4-849624EA8241}.Debug|Any CPU.Build.0 = Debug|Any CPU
		{193FA1EE-23B6-4FB2-B1D4-849624EA8241}.Release|Any CPU.ActiveCfg = Release|Any CPU
		{193FA1EE-23B6-4FB2-B1D4-849624EA8241}.Release|Any CPU.Build.0 = Release|Any CPU
	EndGlobalSection
	GlobalSection(SolutionProperties) = preSolution
		HideSolutionNode = FALSE
	EndGlobalSection
	GlobalSection(ExtensibilityGlobals) = postSolution
		SolutionGuid = {1B4D5FD9-D82E-4CF3-ABA7-179F4908F604}
	EndGlobalSection
EndGlobal
